
Microsoft Visual Studio Solution File, Format Version 12.00
# Visual Studio Version 17
VisualStudioVersion = 17.2.32526.322
MinimumVisualStudioVersion = 10.0.40219.1
Project("{2150E333-8FDC-42A3-9474-1A3956D46DE8}") = "src", "src", "{A96A479E-9685-4C75-B033-3A375E2AB57D}"
EndProject
Project("{2150E333-8FDC-42A3-9474-1A3956D46DE8}") = "examples", "examples", "{9687377C-3528-4E84-A6A4-96B21F36CEC2}"
EndProject
Project("{2150E333-8FDC-42A3-9474-1A3956D46DE8}") = "Example 1 - ECS and Lambda services and actors", "Example 1 - ECS and Lambda services and actors", "{7450678E-B56E-4507-A372-9F21AEE458C6}"
EndProject
Project("{2150E333-8FDC-42A3-9474-1A3956D46DE8}") = ".github", ".github", "{4389C075-457C-493B-AE12-FF626CFAB1BC}"
EndProject
Project("{2150E333-8FDC-42A3-9474-1A3956D46DE8}") = "workflows", "workflows", "{E836A1B1-92CA-465B-AC15-348A70875A33}"
	ProjectSection(SolutionItems) = preProject
		.github\workflows\main.yml = .github\workflows\main.yml
		.github\workflows\pull-requests.yml = .github\workflows\pull-requests.yml
	EndProjectSection
EndProject
Project("{9A19103F-16F7-4668-BE54-9A1E7A4F7556}") = "CloudMesh.Core", "src\CloudMesh.Core\CloudMesh.Core.csproj", "{B1522C31-C7C7-4619-9763-2CDC1D3921E6}"
EndProject
Project("{9A19103F-16F7-4668-BE54-9A1E7A4F7556}") = "CloudMesh.Persistence.DynamoDB", "src\CloudMesh.Persistence.DynamoDB\CloudMesh.Persistence.DynamoDB.csproj", "{9787B091-859C-439D-B99F-F5C440E2A788}"
EndProject
Project("{2150E333-8FDC-42A3-9474-1A3956D46DE8}") = "test", "test", "{C60F40DA-B95F-4571-9983-8A342046D60A}"
EndProject
Project("{9A19103F-16F7-4668-BE54-9A1E7A4F7556}") = "CloudMesh.Persistence.DynamoDB.Tests", "test\CloudMesh.Persistence.DynamoDB.Tests\CloudMesh.Persistence.DynamoDB.Tests.csproj", "{321DE0DF-9D56-4CC7-AE6C-553ECF00130C}"
EndProject
Project("{9A19103F-16F7-4668-BE54-9A1E7A4F7556}") = "CloudMesh.DataBlocks", "src\CloudMesh.DataBlocks\CloudMesh.DataBlocks.csproj", "{7A617319-3F49-4E65-856C-F4E1537D1D37}"
EndProject
Project("{2150E333-8FDC-42A3-9474-1A3956D46DE8}") = "Solution Items", "Solution Items", "{3B86E5C2-9A41-4EA6-B76C-8532069CE0B1}"
	ProjectSection(SolutionItems) = preProject
		Directory.Build.props = Directory.Build.props
	EndProjectSection
EndProject
Project("{9A19103F-16F7-4668-BE54-9A1E7A4F7556}") = "CloudMesh.DataBlocks.Tests", "test\CloudMesh.DataBlocks.Tests\CloudMesh.DataBlocks.Tests.csproj", "{27C7182C-0548-457E-87B3-C069ED3B70A3}"
EndProject
Project("{9A19103F-16F7-4668-BE54-9A1E7A4F7556}") = "CloudMesh", "src\CloudMesh\CloudMesh.csproj", "{5A29A3E4-8723-4F68-A8DD-FF0424218F07}"
EndProject
Project("{9A19103F-16F7-4668-BE54-9A1E7A4F7556}") = "CloudMesh.Aws", "src\CloudMesh.Aws\CloudMesh.Aws.csproj", "{6F8C18A3-9884-49FC-AACB-CE7CCF1D060E}"
EndProject
Project("{9A19103F-16F7-4668-BE54-9A1E7A4F7556}") = "CloudMesh.Hosting.AspNetCore", "src\CloudMesh.Hosting.AspNetCore\CloudMesh.Hosting.AspNetCore.csproj", "{7CDE6DF9-72A3-4C3B-843E-1925B10C2418}"
EndProject
Project("{9A19103F-16F7-4668-BE54-9A1E7A4F7556}") = "CloudMesh.Hosting.Lambda", "src\CloudMesh.Hosting.Lambda\CloudMesh.Hosting.Lambda.csproj", "{3A4165BB-3C26-453A-B252-183FFACEA9F3}"
EndProject
Project("{9A19103F-16F7-4668-BE54-9A1E7A4F7556}") = "CloudMesh.Serialization.Tests", "test\CloudMesh.Serialization.Tests\CloudMesh.Serialization.Tests.csproj", "{165BF026-0B2F-48FA-935F-680497603A19}"
EndProject
Project("{9A19103F-16F7-4668-BE54-9A1E7A4F7556}") = "OrderService", "examples\EcsActors\src\OrderService\OrderService.csproj", "{95F50201-1AB4-4DA1-BD77-E240162B26D0}"
EndProject
Project("{9A19103F-16F7-4668-BE54-9A1E7A4F7556}") = "Example1.Contracts", "examples\EcsActors\src\Example1.Contracts\Example1.Contracts.csproj", "{113BDFE8-2111-4C17-8AA3-A5937FE15D5A}"
EndProject
Project("{9A19103F-16F7-4668-BE54-9A1E7A4F7556}") = "CartServices", "examples\EcsActors\src\CartServices\CartServices.csproj", "{871002EF-A8C8-4435-8A6F-FE53FE1FD8A2}"
EndProject
Global
	GlobalSection(SolutionConfigurationPlatforms) = preSolution
		Debug|Any CPU = Debug|Any CPU
		Release|Any CPU = Release|Any CPU
	EndGlobalSection
	GlobalSection(ProjectConfigurationPlatforms) = postSolution
		{B1522C31-C7C7-4619-9763-2CDC1D3921E6}.Debug|Any CPU.ActiveCfg = Debug|Any CPU
		{B1522C31-C7C7-4619-9763-2CDC1D3921E6}.Debug|Any CPU.Build.0 = Debug|Any CPU
		{B1522C31-C7C7-4619-9763-2CDC1D3921E6}.Release|Any CPU.ActiveCfg = Release|Any CPU
		{B1522C31-C7C7-4619-9763-2CDC1D3921E6}.Release|Any CPU.Build.0 = Release|Any CPU
		{9787B091-859C-439D-B99F-F5C440E2A788}.Debug|Any CPU.ActiveCfg = Debug|Any CPU
		{9787B091-859C-439D-B99F-F5C440E2A788}.Debug|Any CPU.Build.0 = Debug|Any CPU
		{9787B091-859C-439D-B99F-F5C440E2A788}.Release|Any CPU.ActiveCfg = Release|Any CPU
		{9787B091-859C-439D-B99F-F5C440E2A788}.Release|Any CPU.Build.0 = Release|Any CPU
		{321DE0DF-9D56-4CC7-AE6C-553ECF00130C}.Debug|Any CPU.ActiveCfg = Debug|Any CPU
		{321DE0DF-9D56-4CC7-AE6C-553ECF00130C}.Debug|Any CPU.Build.0 = Debug|Any CPU
		{321DE0DF-9D56-4CC7-AE6C-553ECF00130C}.Release|Any CPU.ActiveCfg = Release|Any CPU
		{321DE0DF-9D56-4CC7-AE6C-553ECF00130C}.Release|Any CPU.Build.0 = Release|Any CPU
		{7A617319-3F49-4E65-856C-F4E1537D1D37}.Debug|Any CPU.ActiveCfg = Debug|Any CPU
		{7A617319-3F49-4E65-856C-F4E1537D1D37}.Debug|Any CPU.Build.0 = Debug|Any CPU
		{7A617319-3F49-4E65-856C-F4E1537D1D37}.Release|Any CPU.ActiveCfg = Release|Any CPU
		{7A617319-3F49-4E65-856C-F4E1537D1D37}.Release|Any CPU.Build.0 = Release|Any CPU
		{27C7182C-0548-457E-87B3-C069ED3B70A3}.Debug|Any CPU.ActiveCfg = Debug|Any CPU
		{27C7182C-0548-457E-87B3-C069ED3B70A3}.Debug|Any CPU.Build.0 = Debug|Any CPU
		{27C7182C-0548-457E-87B3-C069ED3B70A3}.Release|Any CPU.ActiveCfg = Release|Any CPU
		{27C7182C-0548-457E-87B3-C069ED3B70A3}.Release|Any CPU.Build.0 = Release|Any CPU
		{5A29A3E4-8723-4F68-A8DD-FF0424218F07}.Debug|Any CPU.ActiveCfg = Debug|Any CPU
		{5A29A3E4-8723-4F68-A8DD-FF0424218F07}.Debug|Any CPU.Build.0 = Debug|Any CPU
		{5A29A3E4-8723-4F68-A8DD-FF0424218F07}.Release|Any CPU.ActiveCfg = Release|Any CPU
		{5A29A3E4-8723-4F68-A8DD-FF0424218F07}.Release|Any CPU.Build.0 = Release|Any CPU
		{6F8C18A3-9884-49FC-AACB-CE7CCF1D060E}.Debug|Any CPU.ActiveCfg = Debug|Any CPU
		{6F8C18A3-9884-49FC-AACB-CE7CCF1D060E}.Debug|Any CPU.Build.0 = Debug|Any CPU
		{6F8C18A3-9884-49FC-AACB-CE7CCF1D060E}.Release|Any CPU.ActiveCfg = Release|Any CPU
		{6F8C18A3-9884-49FC-AACB-CE7CCF1D060E}.Release|Any CPU.Build.0 = Release|Any CPU
		{7CDE6DF9-72A3-4C3B-843E-1925B10C2418}.Debug|Any CPU.ActiveCfg = Debug|Any CPU
		{7CDE6DF9-72A3-4C3B-843E-1925B10C2418}.Debug|Any CPU.Build.0 = Debug|Any CPU
		{7CDE6DF9-72A3-4C3B-843E-1925B10C2418}.Release|Any CPU.ActiveCfg = Release|Any CPU
		{7CDE6DF9-72A3-4C3B-843E-1925B10C2418}.Release|Any CPU.Build.0 = Release|Any CPU
		{3A4165BB-3C26-453A-B252-183FFACEA9F3}.Debug|Any CPU.ActiveCfg = Debug|Any CPU
		{3A4165BB-3C26-453A-B252-183FFACEA9F3}.Debug|Any CPU.Build.0 = Debug|Any CPU
		{3A4165BB-3C26-453A-B252-183FFACEA9F3}.Release|Any CPU.ActiveCfg = Release|Any CPU
		{3A4165BB-3C26-453A-B252-183FFACEA9F3}.Release|Any CPU.Build.0 = Release|Any CPU
		{165BF026-0B2F-48FA-935F-680497603A19}.Debug|Any CPU.ActiveCfg = Debug|Any CPU
		{165BF026-0B2F-48FA-935F-680497603A19}.Debug|Any CPU.Build.0 = Debug|Any CPU
		{165BF026-0B2F-48FA-935F-680497603A19}.Release|Any CPU.ActiveCfg = Release|Any CPU
		{165BF026-0B2F-48FA-935F-680497603A19}.Release|Any CPU.Build.0 = Release|Any CPU
		{95F50201-1AB4-4DA1-BD77-E240162B26D0}.Debug|Any CPU.ActiveCfg = Debug|Any CPU
		{95F50201-1AB4-4DA1-BD77-E240162B26D0}.Debug|Any CPU.Build.0 = Debug|Any CPU
		{95F50201-1AB4-4DA1-BD77-E240162B26D0}.Release|Any CPU.ActiveCfg = Release|Any CPU
		{95F50201-1AB4-4DA1-BD77-E240162B26D0}.Release|Any CPU.Build.0 = Release|Any CPU
		{113BDFE8-2111-4C17-8AA3-A5937FE15D5A}.Debug|Any CPU.ActiveCfg = Debug|Any CPU
		{113BDFE8-2111-4C17-8AA3-A5937FE15D5A}.Debug|Any CPU.Build.0 = Debug|Any CPU
		{113BDFE8-2111-4C17-8AA3-A5937FE15D5A}.Release|Any CPU.ActiveCfg = Release|Any CPU
		{113BDFE8-2111-4C17-8AA3-A5937FE15D5A}.Release|Any CPU.Build.0 = Release|Any CPU
		{871002EF-A8C8-4435-8A6F-FE53FE1FD8A2}.Debug|Any CPU.ActiveCfg = Debug|Any CPU
		{871002EF-A8C8-4435-8A6F-FE53FE1FD8A2}.Debug|Any CPU.Build.0 = Debug|Any CPU
		{871002EF-A8C8-4435-8A6F-FE53FE1FD8A2}.Release|Any CPU.ActiveCfg = Release|Any CPU
		{871002EF-A8C8-4435-8A6F-FE53FE1FD8A2}.Release|Any CPU.Build.0 = Release|Any CPU
	EndGlobalSection
	GlobalSection(SolutionProperties) = preSolution
		HideSolutionNode = FALSE
	EndGlobalSection
	GlobalSection(NestedProjects) = preSolution
		{7450678E-B56E-4507-A372-9F21AEE458C6} = {9687377C-3528-4E84-A6A4-96B21F36CEC2}
		{E836A1B1-92CA-465B-AC15-348A70875A33} = {4389C075-457C-493B-AE12-FF626CFAB1BC}
		{B1522C31-C7C7-4619-9763-2CDC1D3921E6} = {A96A479E-9685-4C75-B033-3A375E2AB57D}
		{9787B091-859C-439D-B99F-F5C440E2A788} = {A96A479E-9685-4C75-B033-3A375E2AB57D}
		{321DE0DF-9D56-4CC7-AE6C-553ECF00130C} = {C60F40DA-B95F-4571-9983-8A342046D60A}
		{7A617319-3F49-4E65-856C-F4E1537D1D37} = {A96A479E-9685-4C75-B033-3A375E2AB57D}
		{27C7182C-0548-457E-87B3-C069ED3B70A3} = {C60F40DA-B95F-4571-9983-8A342046D60A}
		{5A29A3E4-8723-4F68-A8DD-FF0424218F07} = {A96A479E-9685-4C75-B033-3A375E2AB57D}
		{6F8C18A3-9884-49FC-AACB-CE7CCF1D060E} = {A96A479E-9685-4C75-B033-3A375E2AB57D}
		{7CDE6DF9-72A3-4C3B-843E-1925B10C2418} = {A96A479E-9685-4C75-B033-3A375E2AB57D}
		{3A4165BB-3C26-453A-B252-183FFACEA9F3} = {A96A479E-9685-4C75-B033-3A375E2AB57D}
		{165BF026-0B2F-48FA-935F-680497603A19} = {C60F40DA-B95F-4571-9983-8A342046D60A}
		{95F50201-1AB4-4DA1-BD77-E240162B26D0} = {7450678E-B56E-4507-A372-9F21AEE458C6}
		{113BDFE8-2111-4C17-8AA3-A5937FE15D5A} = {7450678E-B56E-4507-A372-9F21AEE458C6}
		{871002EF-A8C8-4435-8A6F-FE53FE1FD8A2} = {7450678E-B56E-4507-A372-9F21AEE458C6}
	EndGlobalSection
	GlobalSection(ExtensibilityGlobals) = postSolution
		SolutionGuid = {1B0642CC-1BC5-42D7-9CE3-87B1D1080B36}
	EndGlobalSection
EndGlobal
