
Microsoft Visual Studio Solution File, Format Version 12.00
# Visual Studio Version 17
VisualStudioVersion = 17.2.32526.322
MinimumVisualStudioVersion = 10.0.40219.1
Project("{2150E333-8FDC-42A3-9474-1A3956D46DE8}") = "src", "src", "{A96A479E-9685-4C75-B033-3A375E2AB57D}"
EndProject
Project("{2150E333-8FDC-42A3-9474-1A3956D46DE8}") = "examples", "examples", "{9687377C-3528-4E84-A6A4-96B21F36CEC2}"
EndProject
Project("{2150E333-8FDC-42A3-9474-1A3956D46DE8}") = ".github", ".github", "{4389C075-457C-493B-AE12-FF626CFAB1BC}"
EndProject
Project("{2150E333-8FDC-42A3-9474-1A3956D46DE8}") = "workflows", "workflows", "{E836A1B1-92CA-465B-AC15-348A70875A33}"
	ProjectSection(SolutionItems) = preProject
		.github\workflows\main.yml = .github\workflows\main.yml
		.github\workflows\pull-requests.yml = .github\workflows\pull-requests.yml
	EndProjectSection
EndProject
Project("{9A19103F-16F7-4668-BE54-9A1E7A4F7556}") = "CloudMesh.Core", "src\CloudMesh.Core\CloudMesh.Core.csproj", "{B1522C31-C7C7-4619-9763-2CDC1D3921E6}"
EndProject
Project("{9A19103F-16F7-4668-BE54-9A1E7A4F7556}") = "CloudMesh.Persistence.DynamoDB", "src\CloudMesh.Persistence.DynamoDB\CloudMesh.Persistence.DynamoDB.csproj", "{9787B091-859C-439D-B99F-F5C440E2A788}"
EndProject
Project("{2150E333-8FDC-42A3-9474-1A3956D46DE8}") = "test", "test", "{C60F40DA-B95F-4571-9983-8A342046D60A}"
EndProject
Project("{9A19103F-16F7-4668-BE54-9A1E7A4F7556}") = "CloudMesh.Persistence.DynamoDB.Tests", "test\CloudMesh.Persistence.DynamoDB.Tests\CloudMesh.Persistence.DynamoDB.Tests.csproj", "{321DE0DF-9D56-4CC7-AE6C-553ECF00130C}"
EndProject
Project("{9A19103F-16F7-4668-BE54-9A1E7A4F7556}") = "CloudMesh.DataBlocks", "src\CloudMesh.DataBlocks\CloudMesh.DataBlocks.csproj", "{7A617319-3F49-4E65-856C-F4E1537D1D37}"
EndProject
Project("{2150E333-8FDC-42A3-9474-1A3956D46DE8}") = "Solution Items", "Solution Items", "{3B86E5C2-9A41-4EA6-B76C-8532069CE0B1}"
	ProjectSection(SolutionItems) = preProject
		Directory.Build.props = Directory.Build.props
		Directory.Packages.props = Directory.Packages.props
	EndProjectSection
EndProject
Project("{9A19103F-16F7-4668-BE54-9A1E7A4F7556}") = "CloudMesh.DataBlocks.Tests", "test\CloudMesh.DataBlocks.Tests\CloudMesh.DataBlocks.Tests.csproj", "{27C7182C-0548-457E-87B3-C069ED3B70A3}"
EndProject
Project("{9A19103F-16F7-4668-BE54-9A1E7A4F7556}") = "CloudMesh", "src\CloudMesh\CloudMesh.csproj", "{5A29A3E4-8723-4F68-A8DD-FF0424218F07}"
EndProject
Project("{FAE04EC0-301F-11D3-BF4B-00C04F79EFBC}") = "CloudMesh.Core.Tests", "test\CloudMesh.Core.Tests\CloudMesh.Core.Tests.csproj", "{703576B8-8B51-4363-AB7F-274ED8331AED}"
EndProject
Project("{FAE04EC0-301F-11D3-BF4B-00C04F79EFBC}") = "CloudMesh.Guid64", "src\CloudMesh.Guid64\CloudMesh.Guid64.csproj", "{47A93D4A-83E7-429B-A5F0-F3852DD6785F}"
EndProject
Project("{FAE04EC0-301F-11D3-BF4B-00C04F79EFBC}") = "CloudMesh.MurmurHash", "src\CloudMesh.MurmurHash\CloudMesh.MurmurHash.csproj", "{0517A569-F87F-45AD-A8F7-AA42FE83DBDB}"
EndProject
Project("{FAE04EC0-301F-11D3-BF4B-00C04F79EFBC}") = "CloudMesh.SystemClock", "src\CloudMesh.SystemClock\CloudMesh.SystemClock.csproj", "{A56625FD-3DF6-49FD-8707-39A59B1C14DF}"
EndProject
Project("{FAE04EC0-301F-11D3-BF4B-00C04F79EFBC}") = "CloudMesh.NetworkMutex.Abstractions", "src\CloudMesh.NetworkMutex.Abstractions\CloudMesh.NetworkMutex.Abstractions.csproj", "{E6CCC662-C669-42F2-9556-86DD9553593A}"
EndProject
Project("{FAE04EC0-301F-11D3-BF4B-00C04F79EFBC}") = "CloudMesh.NetworkMutex.Postgres", "src\CloudMesh.NetworkMutex.Postgres\CloudMesh.NetworkMutex.Postgres.csproj", "{A5659A1D-8E74-4F05-83D5-EB2A77464DF6}"
EndProject
Project("{FAE04EC0-301F-11D3-BF4B-00C04F79EFBC}") = "CloudMesh.NetworkMutex.DynamoDB", "src\CloudMesh.NetworkMutex.DynamoDB\CloudMesh.NetworkMutex.DynamoDB.csproj", "{CC08E450-E627-4539-B60D-AD0C923D06B2}"
EndProject
Project("{FAE04EC0-301F-11D3-BF4B-00C04F79EFBC}") = "Guid64Sample", "samples\Guid64Sample\Guid64Sample.csproj", "{E5FFE12F-4239-48DA-835E-BA777A221B37}"
EndProject
Project("{2150E333-8FDC-42A3-9474-1A3956D46DE8}") = "DataBlocks", "DataBlocks", "{67DBDB7E-2D7D-4948-AB88-A754CA563834}"
EndProject
Project("{FAE04EC0-301F-11D3-BF4B-00C04F79EFBC}") = "RoundRobinSample", "samples\DataBlocks\RoundRobinSample\RoundRobinSample.csproj", "{ACB2E3B5-6304-454F-96A3-3B6077E4C765}"
EndProject
Project("{FAE04EC0-301F-11D3-BF4B-00C04F79EFBC}") = "ProducerConsumerSample", "samples\DataBlocks\ProducerConsumerSample\ProducerConsumerSample.csproj", "{B915C3A2-69FF-4B50-A921-C068A3B4E63A}"
EndProject
Project("{FAE04EC0-301F-11D3-BF4B-00C04F79EFBC}") = "AggregationSample", "samples\DataBlocks\AggregationSample\AggregationSample.csproj", "{908E0B69-E870-4E0A-9A93-6990FF67D8E0}"
EndProject
Project("{FAE04EC0-301F-11D3-BF4B-00C04F79EFBC}") = "CaptureBlockSample", "samples\DataBlocks\CaptureBlockSample\CaptureBlockSample.csproj", "{6014F3F7-EA12-4076-AA4D-ED7FB6453B21}"
EndProject
Project("{2150E333-8FDC-42A3-9474-1A3956D46DE8}") = "Core", "Core", "{AC2EBCA9-20D8-4230-AAF2-B8BE5B1CFBF7}"
EndProject
Project("{FAE04EC0-301F-11D3-BF4B-00C04F79EFBC}") = "ClearSecretFromMemorySample", "samples\Core\ClearSecretFromMemorySample\ClearSecretFromMemorySample.csproj", "{A9D94DD5-F9C6-4D6A-B388-6D13CB85B183}"
EndProject
Project("{2150E333-8FDC-42A3-9474-1A3956D46DE8}") = "benchmarks", "benchmarks", "{1C0A73BE-DB02-4803-99AE-647F691C2CA8}"
EndProject
Project("{FAE04EC0-301F-11D3-BF4B-00C04F79EFBC}") = "MemoryStreamAccessorBenchmarks", "benchmarks\MemoryStreamAccessorBenchmarks\MemoryStreamAccessorBenchmarks.csproj", "{F123DF0D-A3FE-47F8-98D1-12AD09105ECB}"
EndProject
Project("{FAE04EC0-301F-11D3-BF4B-00C04F79EFBC}") = "CloudMesh.Variant", "src\CloudMesh.Variant\CloudMesh.Variant.csproj", "{F4FCC9F5-A188-4234-B727-BEA3988FB911}"
EndProject
Global
	GlobalSection(SolutionConfigurationPlatforms) = preSolution
		Debug|Any CPU = Debug|Any CPU
		Release|Any CPU = Release|Any CPU
	EndGlobalSection
	GlobalSection(ProjectConfigurationPlatforms) = postSolution
		{B1522C31-C7C7-4619-9763-2CDC1D3921E6}.Debug|Any CPU.ActiveCfg = Debug|Any CPU
		{B1522C31-C7C7-4619-9763-2CDC1D3921E6}.Debug|Any CPU.Build.0 = Debug|Any CPU
		{B1522C31-C7C7-4619-9763-2CDC1D3921E6}.Release|Any CPU.ActiveCfg = Release|Any CPU
		{B1522C31-C7C7-4619-9763-2CDC1D3921E6}.Release|Any CPU.Build.0 = Release|Any CPU
		{9787B091-859C-439D-B99F-F5C440E2A788}.Debug|Any CPU.ActiveCfg = Debug|Any CPU
		{9787B091-859C-439D-B99F-F5C440E2A788}.Debug|Any CPU.Build.0 = Debug|Any CPU
		{9787B091-859C-439D-B99F-F5C440E2A788}.Release|Any CPU.ActiveCfg = Release|Any CPU
		{9787B091-859C-439D-B99F-F5C440E2A788}.Release|Any CPU.Build.0 = Release|Any CPU
		{321DE0DF-9D56-4CC7-AE6C-553ECF00130C}.Debug|Any CPU.ActiveCfg = Debug|Any CPU
		{321DE0DF-9D56-4CC7-AE6C-553ECF00130C}.Debug|Any CPU.Build.0 = Debug|Any CPU
		{321DE0DF-9D56-4CC7-AE6C-553ECF00130C}.Release|Any CPU.ActiveCfg = Release|Any CPU
		{321DE0DF-9D56-4CC7-AE6C-553ECF00130C}.Release|Any CPU.Build.0 = Release|Any CPU
		{7A617319-3F49-4E65-856C-F4E1537D1D37}.Debug|Any CPU.ActiveCfg = Debug|Any CPU
		{7A617319-3F49-4E65-856C-F4E1537D1D37}.Debug|Any CPU.Build.0 = Debug|Any CPU
		{7A617319-3F49-4E65-856C-F4E1537D1D37}.Release|Any CPU.ActiveCfg = Release|Any CPU
		{7A617319-3F49-4E65-856C-F4E1537D1D37}.Release|Any CPU.Build.0 = Release|Any CPU
		{27C7182C-0548-457E-87B3-C069ED3B70A3}.Debug|Any CPU.ActiveCfg = Debug|Any CPU
		{27C7182C-0548-457E-87B3-C069ED3B70A3}.Debug|Any CPU.Build.0 = Debug|Any CPU
		{27C7182C-0548-457E-87B3-C069ED3B70A3}.Release|Any CPU.ActiveCfg = Release|Any CPU
		{27C7182C-0548-457E-87B3-C069ED3B70A3}.Release|Any CPU.Build.0 = Release|Any CPU
		{5A29A3E4-8723-4F68-A8DD-FF0424218F07}.Debug|Any CPU.ActiveCfg = Debug|Any CPU
		{5A29A3E4-8723-4F68-A8DD-FF0424218F07}.Debug|Any CPU.Build.0 = Debug|Any CPU
		{5A29A3E4-8723-4F68-A8DD-FF0424218F07}.Release|Any CPU.ActiveCfg = Release|Any CPU
		{5A29A3E4-8723-4F68-A8DD-FF0424218F07}.Release|Any CPU.Build.0 = Release|Any CPU
		{703576B8-8B51-4363-AB7F-274ED8331AED}.Debug|Any CPU.ActiveCfg = Debug|Any CPU
		{703576B8-8B51-4363-AB7F-274ED8331AED}.Debug|Any CPU.Build.0 = Debug|Any CPU
		{703576B8-8B51-4363-AB7F-274ED8331AED}.Release|Any CPU.ActiveCfg = Release|Any CPU
		{703576B8-8B51-4363-AB7F-274ED8331AED}.Release|Any CPU.Build.0 = Release|Any CPU
		{47A93D4A-83E7-429B-A5F0-F3852DD6785F}.Debug|Any CPU.ActiveCfg = Debug|Any CPU
		{47A93D4A-83E7-429B-A5F0-F3852DD6785F}.Debug|Any CPU.Build.0 = Debug|Any CPU
		{47A93D4A-83E7-429B-A5F0-F3852DD6785F}.Release|Any CPU.ActiveCfg = Release|Any CPU
		{47A93D4A-83E7-429B-A5F0-F3852DD6785F}.Release|Any CPU.Build.0 = Release|Any CPU
		{0517A569-F87F-45AD-A8F7-AA42FE83DBDB}.Debug|Any CPU.ActiveCfg = Debug|Any CPU
		{0517A569-F87F-45AD-A8F7-AA42FE83DBDB}.Debug|Any CPU.Build.0 = Debug|Any CPU
		{0517A569-F87F-45AD-A8F7-AA42FE83DBDB}.Release|Any CPU.ActiveCfg = Release|Any CPU
		{0517A569-F87F-45AD-A8F7-AA42FE83DBDB}.Release|Any CPU.Build.0 = Release|Any CPU
		{A56625FD-3DF6-49FD-8707-39A59B1C14DF}.Debug|Any CPU.ActiveCfg = Debug|Any CPU
		{A56625FD-3DF6-49FD-8707-39A59B1C14DF}.Debug|Any CPU.Build.0 = Debug|Any CPU
		{A56625FD-3DF6-49FD-8707-39A59B1C14DF}.Release|Any CPU.ActiveCfg = Release|Any CPU
		{A56625FD-3DF6-49FD-8707-39A59B1C14DF}.Release|Any CPU.Build.0 = Release|Any CPU
		{E6CCC662-C669-42F2-9556-86DD9553593A}.Debug|Any CPU.ActiveCfg = Debug|Any CPU
		{E6CCC662-C669-42F2-9556-86DD9553593A}.Debug|Any CPU.Build.0 = Debug|Any CPU
		{E6CCC662-C669-42F2-9556-86DD9553593A}.Release|Any CPU.ActiveCfg = Release|Any CPU
		{E6CCC662-C669-42F2-9556-86DD9553593A}.Release|Any CPU.Build.0 = Release|Any CPU
		{A5659A1D-8E74-4F05-83D5-EB2A77464DF6}.Debug|Any CPU.ActiveCfg = Debug|Any CPU
		{A5659A1D-8E74-4F05-83D5-EB2A77464DF6}.Debug|Any CPU.Build.0 = Debug|Any CPU
		{A5659A1D-8E74-4F05-83D5-EB2A77464DF6}.Release|Any CPU.ActiveCfg = Release|Any CPU
		{A5659A1D-8E74-4F05-83D5-EB2A77464DF6}.Release|Any CPU.Build.0 = Release|Any CPU
		{CC08E450-E627-4539-B60D-AD0C923D06B2}.Debug|Any CPU.ActiveCfg = Debug|Any CPU
		{CC08E450-E627-4539-B60D-AD0C923D06B2}.Debug|Any CPU.Build.0 = Debug|Any CPU
		{CC08E450-E627-4539-B60D-AD0C923D06B2}.Release|Any CPU.ActiveCfg = Release|Any CPU
		{CC08E450-E627-4539-B60D-AD0C923D06B2}.Release|Any CPU.Build.0 = Release|Any CPU
		{E5FFE12F-4239-48DA-835E-BA777A221B37}.Debug|Any CPU.ActiveCfg = Debug|Any CPU
		{E5FFE12F-4239-48DA-835E-BA777A221B37}.Debug|Any CPU.Build.0 = Debug|Any CPU
		{E5FFE12F-4239-48DA-835E-BA777A221B37}.Release|Any CPU.ActiveCfg = Release|Any CPU
		{E5FFE12F-4239-48DA-835E-BA777A221B37}.Release|Any CPU.Build.0 = Release|Any CPU
		{ACB2E3B5-6304-454F-96A3-3B6077E4C765}.Debug|Any CPU.ActiveCfg = Debug|Any CPU
		{ACB2E3B5-6304-454F-96A3-3B6077E4C765}.Debug|Any CPU.Build.0 = Debug|Any CPU
		{ACB2E3B5-6304-454F-96A3-3B6077E4C765}.Release|Any CPU.ActiveCfg = Release|Any CPU
		{ACB2E3B5-6304-454F-96A3-3B6077E4C765}.Release|Any CPU.Build.0 = Release|Any CPU
		{B915C3A2-69FF-4B50-A921-C068A3B4E63A}.Debug|Any CPU.ActiveCfg = Debug|Any CPU
		{B915C3A2-69FF-4B50-A921-C068A3B4E63A}.Debug|Any CPU.Build.0 = Debug|Any CPU
		{B915C3A2-69FF-4B50-A921-C068A3B4E63A}.Release|Any CPU.ActiveCfg = Release|Any CPU
		{B915C3A2-69FF-4B50-A921-C068A3B4E63A}.Release|Any CPU.Build.0 = Release|Any CPU
		{908E0B69-E870-4E0A-9A93-6990FF67D8E0}.Debug|Any CPU.ActiveCfg = Debug|Any CPU
		{908E0B69-E870-4E0A-9A93-6990FF67D8E0}.Debug|Any CPU.Build.0 = Debug|Any CPU
		{908E0B69-E870-4E0A-9A93-6990FF67D8E0}.Release|Any CPU.ActiveCfg = Release|Any CPU
		{908E0B69-E870-4E0A-9A93-6990FF67D8E0}.Release|Any CPU.Build.0 = Release|Any CPU
		{6014F3F7-EA12-4076-AA4D-ED7FB6453B21}.Debug|Any CPU.ActiveCfg = Debug|Any CPU
		{6014F3F7-EA12-4076-AA4D-ED7FB6453B21}.Debug|Any CPU.Build.0 = Debug|Any CPU
		{6014F3F7-EA12-4076-AA4D-ED7FB6453B21}.Release|Any CPU.ActiveCfg = Release|Any CPU
		{6014F3F7-EA12-4076-AA4D-ED7FB6453B21}.Release|Any CPU.Build.0 = Release|Any CPU
		{A9D94DD5-F9C6-4D6A-B388-6D13CB85B183}.Debug|Any CPU.ActiveCfg = Debug|Any CPU
		{A9D94DD5-F9C6-4D6A-B388-6D13CB85B183}.Debug|Any CPU.Build.0 = Debug|Any CPU
		{A9D94DD5-F9C6-4D6A-B388-6D13CB85B183}.Release|Any CPU.ActiveCfg = Release|Any CPU
		{A9D94DD5-F9C6-4D6A-B388-6D13CB85B183}.Release|Any CPU.Build.0 = Release|Any CPU
		{F123DF0D-A3FE-47F8-98D1-12AD09105ECB}.Debug|Any CPU.ActiveCfg = Debug|Any CPU
		{F123DF0D-A3FE-47F8-98D1-12AD09105ECB}.Debug|Any CPU.Build.0 = Debug|Any CPU
		{F123DF0D-A3FE-47F8-98D1-12AD09105ECB}.Release|Any CPU.ActiveCfg = Release|Any CPU
		{F123DF0D-A3FE-47F8-98D1-12AD09105ECB}.Release|Any CPU.Build.0 = Release|Any CPU
		{F4FCC9F5-A188-4234-B727-BEA3988FB911}.Debug|Any CPU.ActiveCfg = Debug|Any CPU
		{F4FCC9F5-A188-4234-B727-BEA3988FB911}.Debug|Any CPU.Build.0 = Debug|Any CPU
		{F4FCC9F5-A188-4234-B727-BEA3988FB911}.Release|Any CPU.ActiveCfg = Release|Any CPU
		{F4FCC9F5-A188-4234-B727-BEA3988FB911}.Release|Any CPU.Build.0 = Release|Any CPU
	EndGlobalSection
	GlobalSection(SolutionProperties) = preSolution
		HideSolutionNode = FALSE
	EndGlobalSection
	GlobalSection(NestedProjects) = preSolution
		{E836A1B1-92CA-465B-AC15-348A70875A33} = {4389C075-457C-493B-AE12-FF626CFAB1BC}
		{B1522C31-C7C7-4619-9763-2CDC1D3921E6} = {A96A479E-9685-4C75-B033-3A375E2AB57D}
		{9787B091-859C-439D-B99F-F5C440E2A788} = {A96A479E-9685-4C75-B033-3A375E2AB57D}
		{321DE0DF-9D56-4CC7-AE6C-553ECF00130C} = {C60F40DA-B95F-4571-9983-8A342046D60A}
		{7A617319-3F49-4E65-856C-F4E1537D1D37} = {A96A479E-9685-4C75-B033-3A375E2AB57D}
		{27C7182C-0548-457E-87B3-C069ED3B70A3} = {C60F40DA-B95F-4571-9983-8A342046D60A}
		{5A29A3E4-8723-4F68-A8DD-FF0424218F07} = {A96A479E-9685-4C75-B033-3A375E2AB57D}
		{703576B8-8B51-4363-AB7F-274ED8331AED} = {C60F40DA-B95F-4571-9983-8A342046D60A}
		{47A93D4A-83E7-429B-A5F0-F3852DD6785F} = {A96A479E-9685-4C75-B033-3A375E2AB57D}
		{0517A569-F87F-45AD-A8F7-AA42FE83DBDB} = {A96A479E-9685-4C75-B033-3A375E2AB57D}
		{A56625FD-3DF6-49FD-8707-39A59B1C14DF} = {A96A479E-9685-4C75-B033-3A375E2AB57D}
		{E6CCC662-C669-42F2-9556-86DD9553593A} = {A96A479E-9685-4C75-B033-3A375E2AB57D}
		{A5659A1D-8E74-4F05-83D5-EB2A77464DF6} = {A96A479E-9685-4C75-B033-3A375E2AB57D}
		{CC08E450-E627-4539-B60D-AD0C923D06B2} = {A96A479E-9685-4C75-B033-3A375E2AB57D}
		{E5FFE12F-4239-48DA-835E-BA777A221B37} = {9687377C-3528-4E84-A6A4-96B21F36CEC2}
		{67DBDB7E-2D7D-4948-AB88-A754CA563834} = {9687377C-3528-4E84-A6A4-96B21F36CEC2}
		{ACB2E3B5-6304-454F-96A3-3B6077E4C765} = {67DBDB7E-2D7D-4948-AB88-A754CA563834}
		{B915C3A2-69FF-4B50-A921-C068A3B4E63A} = {67DBDB7E-2D7D-4948-AB88-A754CA563834}
		{908E0B69-E870-4E0A-9A93-6990FF67D8E0} = {67DBDB7E-2D7D-4948-AB88-A754CA563834}
		{6014F3F7-EA12-4076-AA4D-ED7FB6453B21} = {67DBDB7E-2D7D-4948-AB88-A754CA563834}
		{AC2EBCA9-20D8-4230-AAF2-B8BE5B1CFBF7} = {9687377C-3528-4E84-A6A4-96B21F36CEC2}
		{A9D94DD5-F9C6-4D6A-B388-6D13CB85B183} = {AC2EBCA9-20D8-4230-AAF2-B8BE5B1CFBF7}
		{F123DF0D-A3FE-47F8-98D1-12AD09105ECB} = {1C0A73BE-DB02-4803-99AE-647F691C2CA8}
		{F4FCC9F5-A188-4234-B727-BEA3988FB911} = {A96A479E-9685-4C75-B033-3A375E2AB57D}
	EndGlobalSection
	GlobalSection(ExtensibilityGlobals) = postSolution
		SolutionGuid = {1B0642CC-1BC5-42D7-9CE3-87B1D1080B36}
	EndGlobalSection
EndGlobal
